
Microsoft Visual Studio Solution File, Format Version 11.00
# Visual Studio 2010
Project("{FAE04EC0-301F-11D3-BF4B-00C04F79EFBC}") = "LFCatalogsV1", "HelloWorldIphoneApp\LFCatalogsV1.csproj", "{046E50B2-9EDA-4D67-9721-A55C7429610D}"
EndProject
Global
	GlobalSection(SolutionConfigurationPlatforms) = preSolution
		Debug|iPhoneSimulator = Debug|iPhoneSimulator
		Release|iPhoneSimulator = Release|iPhoneSimulator
		Debug|iPhone = Debug|iPhone
		Release|iPhone = Release|iPhone
		Ad-Hoc|iPhone = Ad-Hoc|iPhone
		AppStore|iPhone = AppStore|iPhone
	EndGlobalSection
	GlobalSection(ProjectConfigurationPlatforms) = postSolution
		{046E50B2-9EDA-4D67-9721-A55C7429610D}.Ad-Hoc|iPhone.ActiveCfg = Ad-Hoc|iPhone
		{046E50B2-9EDA-4D67-9721-A55C7429610D}.Ad-Hoc|iPhone.Build.0 = Ad-Hoc|iPhone
		{046E50B2-9EDA-4D67-9721-A55C7429610D}.AppStore|iPhone.ActiveCfg = AppStore|iPhone
		{046E50B2-9EDA-4D67-9721-A55C7429610D}.AppStore|iPhone.Build.0 = AppStore|iPhone
		{046E50B2-9EDA-4D67-9721-A55C7429610D}.Debug|iPhone.ActiveCfg = Debug|iPhone
		{046E50B2-9EDA-4D67-9721-A55C7429610D}.Debug|iPhone.Build.0 = Debug|iPhone
		{046E50B2-9EDA-4D67-9721-A55C7429610D}.Debug|iPhoneSimulator.ActiveCfg = Debug|iPhoneSimulator
		{046E50B2-9EDA-4D67-9721-A55C7429610D}.Debug|iPhoneSimulator.Build.0 = Debug|iPhoneSimulator
		{046E50B2-9EDA-4D67-9721-A55C7429610D}.Release|iPhone.ActiveCfg = Release|iPhone
		{046E50B2-9EDA-4D67-9721-A55C7429610D}.Release|iPhone.Build.0 = Release|iPhone
		{046E50B2-9EDA-4D67-9721-A55C7429610D}.Release|iPhoneSimulator.ActiveCfg = Release|iPhoneSimulator
		{046E50B2-9EDA-4D67-9721-A55C7429610D}.Release|iPhoneSimulator.Build.0 = Release|iPhoneSimulator
	EndGlobalSection
	GlobalSection(MonoDevelopProperties) = preSolution
		StartupItem = HelloWorldIphoneApp\LFCatalogsV1.csproj
	EndGlobalSection
EndGlobal
